
Microsoft Visual Studio Solution File, Format Version 12.00
# Visual Studio Version 17
VisualStudioVersion = 17.14.36811.4 d17.14
MinimumVisualStudioVersion = 10.0.40219.1
Project("{FAE04EC0-301F-11D3-BF4B-00C04F79EFBC}") = "Entity_Framework", "Entity_Framework.csproj", "{FE4F5961-64F5-4F2D-A09E-7DACA5E9DD83}"
EndProject
Global
	GlobalSection(SolutionConfigurationPlatforms) = preSolution
		Debug|Any CPU = Debug|Any CPU
		Release|Any CPU = Release|Any CPU
	EndGlobalSection
	GlobalSection(ProjectConfigurationPlatforms) = postSolution
		{FE4F5961-64F5-4F2D-A09E-7DACA5E9DD83}.Debug|Any CPU.ActiveCfg = Debug|Any CPU
		{FE4F5961-64F5-4F2D-A09E-7DACA5E9DD83}.Debug|Any CPU.Build.0 = Debug|Any CPU
		{FE4F5961-64F5-4F2D-A09E-7DACA5E9DD83}.Release|Any CPU.ActiveCfg = Release|Any CPU
		{FE4F5961-64F5-4F2D-A09E-7DACA5E9DD83}.Release|Any CPU.Build.0 = Release|Any CPU
	EndGlobalSection
	GlobalSection(SolutionProperties) = preSolution
		HideSolutionNode = FALSE
	EndGlobalSection
	GlobalSection(ExtensibilityGlobals) = postSolution
		SolutionGuid = {BFD5BB80-436F-4491-904C-951A5D599829}
	EndGlobalSection
EndGlobal
