
Microsoft Visual Studio Solution File, Format Version 12.00
# Visual Studio Version 17
VisualStudioVersion = 17.14.36804.6 d17.14
MinimumVisualStudioVersion = 10.0.40219.1
Project("{FAE04EC0-301F-11D3-BF4B-00C04F79EFBC}") = "CustomAttributes", "CustomAttributes.csproj", "{1312A59C-9DE2-4E41-BA4E-6402BACF584F}"
EndProject
Global
	GlobalSection(SolutionConfigurationPlatforms) = preSolution
		Debug|Any CPU = Debug|Any CPU
		Release|Any CPU = Release|Any CPU
	EndGlobalSection
	GlobalSection(ProjectConfigurationPlatforms) = postSolution
		{1312A59C-9DE2-4E41-BA4E-6402BACF584F}.Debug|Any CPU.ActiveCfg = Debug|Any CPU
		{1312A59C-9DE2-4E41-BA4E-6402BACF584F}.Debug|Any CPU.Build.0 = Debug|Any CPU
		{1312A59C-9DE2-4E41-BA4E-6402BACF584F}.Release|Any CPU.ActiveCfg = Release|Any CPU
		{1312A59C-9DE2-4E41-BA4E-6402BACF584F}.Release|Any CPU.Build.0 = Release|Any CPU
	EndGlobalSection
	GlobalSection(SolutionProperties) = preSolution
		HideSolutionNode = FALSE
	EndGlobalSection
	GlobalSection(ExtensibilityGlobals) = postSolution
		SolutionGuid = {7E63C086-147F-4775-8FE6-FF965CBD7889}
	EndGlobalSection
EndGlobal
