
Microsoft Visual Studio Solution File, Format Version 12.00
# Visual Studio Version 17
VisualStudioVersion = 17.14.36804.6 d17.14
MinimumVisualStudioVersion = 10.0.40219.1
Project("{FAE04EC0-301F-11D3-BF4B-00C04F79EFBC}") = "Serilizable_demo", "Serilizable_demo\Serilizable_demo.csproj", "{9F711C06-892F-403A-B85D-E8A550947614}"
EndProject
Global
	GlobalSection(SolutionConfigurationPlatforms) = preSolution
		Debug|Any CPU = Debug|Any CPU
		Release|Any CPU = Release|Any CPU
	EndGlobalSection
	GlobalSection(ProjectConfigurationPlatforms) = postSolution
		{9F711C06-892F-403A-B85D-E8A550947614}.Debug|Any CPU.ActiveCfg = Debug|Any CPU
		{9F711C06-892F-403A-B85D-E8A550947614}.Debug|Any CPU.Build.0 = Debug|Any CPU
		{9F711C06-892F-403A-B85D-E8A550947614}.Release|Any CPU.ActiveCfg = Release|Any CPU
		{9F711C06-892F-403A-B85D-E8A550947614}.Release|Any CPU.Build.0 = Release|Any CPU
	EndGlobalSection
	GlobalSection(SolutionProperties) = preSolution
		HideSolutionNode = FALSE
	EndGlobalSection
	GlobalSection(ExtensibilityGlobals) = postSolution
		SolutionGuid = {CD1AB94E-5086-46E7-B0E6-595B8417D878}
	EndGlobalSection
EndGlobal
